<?xml version="1.0" encoding="utf-8"?>
<Project ToolsVersion="4.0" xmlns="http://schemas.microsoft.com/developer/msbuild/2003">
  <ItemGroup>
    <Filter Include="ソース ファイル">
      <UniqueIdentifier>{4FC737F1-C7A5-4376-A066-2A32D752A2FF}</UniqueIdentifier>
      <Extensions>cpp;c;cc;cxx;def;odl;idl;hpj;bat;asm;asmx</Extensions>
    </Filter>
    <Filter Include="ヘッダー ファイル">
      <UniqueIdentifier>{93995380-89BD-4b04-88EB-625FBE52EBFB}</UniqueIdentifier>
      <Extensions>h;hh;hpp;hxx;hm;inl;inc;xsd</Extensions>
    </Filter>
    <Filter Include="リソース ファイル">
      <UniqueIdentifier>{67DA6AB6-F800-4c08-8B7A-83BB121AAD01}</UniqueIdentifier>
      <Extensions>rc;ico;cur;bmp;dlg;rc2;rct;bin;rgs;gif;jpg;jpeg;jpe;resx;tiff;tif;png;wav;mfcribbon-ms</Extensions>
    </Filter>
    <Filter Include="ヘッダー ファイル\Logic">
      <UniqueIdentifier>{ad26e96c-d888-438d-8138-b008fc29a987}</UniqueIdentifier>
    </Filter>
    <Filter Include="ヘッダー ファイル\View">
      <UniqueIdentifier>{d6379925-be15-499e-afa0-ee00c7c2933f}</UniqueIdentifier>
    </Filter>
    <Filter Include="ヘッダー ファイル\GL">
      <UniqueIdentifier>{ef87535d-4e89-4984-8a71-898b9cfc6a65}</UniqueIdentifier>
    </Filter>
    <Filter Include="ヘッダー ファイル\Common">
      <UniqueIdentifier>{c1302f3c-8925-4d25-a31e-e658db7ab85e}</UniqueIdentifier>
    </Filter>
  </ItemGroup>
  <ItemGroup>
    <ClCompile Include="Scripts\main.cpp">
      <Filter>ソース ファイル</Filter>
    </ClCompile>
    <ClCompile Include="Scripts\UnitTest.cpp">
      <Filter>ソース ファイル</Filter>
    </ClCompile>
    <ClCompile Include="Scripts\View\IncViews.hpp">
      <Filter>ヘッダー ファイル\View</Filter>
    </ClCompile>
  </ItemGroup>
  <ItemGroup>
    <ClInclude Include="Scripts\View\_TemplateView.hpp">
      <Filter>ヘッダー ファイル\View</Filter>
    </ClInclude>
    <ClInclude Include="Scripts\View\ConfigView.hpp">
      <Filter>ヘッダー ファイル\View</Filter>
    </ClInclude>
    <ClInclude Include="Scripts\View\InitView.hpp">
      <Filter>ヘッダー ファイル\View</Filter>
    </ClInclude>
    <ClInclude Include="Scripts\View\MainView.hpp">
      <Filter>ヘッダー ファイル\View</Filter>
    </ClInclude>
    <ClInclude Include="Scripts\View\TitleView.hpp">
      <Filter>ヘッダー ファイル\View</Filter>
    </ClInclude>
    <ClInclude Include="Scripts\Logic\Enemy.hpp">
      <Filter>ヘッダー ファイル\Logic</Filter>
    </ClInclude>
    <ClInclude Include="Scripts\Logic\GridMap.hpp">
      <Filter>ヘッダー ファイル\Logic</Filter>
    </ClInclude>
    <ClInclude Include="Scripts\Logic\Menu.hpp">
      <Filter>ヘッダー ファイル\Logic</Filter>
    </ClInclude>
    <ClInclude Include="Scripts\Logic\MessageWindow.hpp">
      <Filter>ヘッダー ファイル\Logic</Filter>
    </ClInclude>
    <ClInclude Include="Scripts\Logic\Physics.hpp">
      <Filter>ヘッダー ファイル\Logic</Filter>
    </ClInclude>
    <ClInclude Include="Scripts\Logic\Player.hpp">
      <Filter>ヘッダー ファイル\Logic</Filter>
    </ClInclude>
    <ClInclude Include="Scripts\Common\Common.hpp">
      <Filter>ヘッダー ファイル\Common</Filter>
    </ClInclude>
    <ClInclude Include="Scripts\GL\GLBmpLoader.hpp">
      <Filter>ヘッダー ファイル\GL</Filter>
    </ClInclude>
    <ClInclude Include="Scripts\GL\GLBuiltInCallback.hpp">
      <Filter>ヘッダー ファイル\GL</Filter>
    </ClInclude>
    <ClInclude Include="Scripts\GL\GLInput.hpp">
      <Filter>ヘッダー ファイル\GL</Filter>
    </ClInclude>
    <ClInclude Include="Scripts\GL\GLObject.hpp">
      <Filter>ヘッダー ファイル\GL</Filter>
    </ClInclude>
    <ClInclude Include="Scripts\GL\GLPngLoader.hpp">
      <Filter>ヘッダー ファイル\GL</Filter>
    </ClInclude>
    <ClInclude Include="Scripts\GL\GLScene.hpp">
      <Filter>ヘッダー ファイル\GL</Filter>
    </ClInclude>
    <ClInclude Include="Scripts\GL\GLShader.hpp">
      <Filter>ヘッダー ファイル\GL</Filter>
    </ClInclude>
    <ClInclude Include="Scripts\GL\GLTimer.hpp">
      <Filter>ヘッダー ファイル\GL</Filter>
    </ClInclude>
    <ClInclude Include="Scripts\GL\GLUtils.hpp">
      <Filter>ヘッダー ファイル\GL</Filter>
    </ClInclude>
    <ClInclude Include="Scripts\GL\GLVec.hpp">
      <Filter>ヘッダー ファイル\GL</Filter>
    </ClInclude>
    <ClInclude Include="Scripts\GL\IncGLComponents.hpp">
      <Filter>ヘッダー ファイル\GL</Filter>
    </ClInclude>
    <ClInclude Include="Scripts\Logic\IncLogics.hpp">
      <Filter>ヘッダー ファイル\Logic</Filter>
    </ClInclude>
    <ClInclude Include="Scripts\Common\GlobalData.hpp">
      <Filter>ヘッダー ファイル\Common</Filter>
    </ClInclude>
    <ClInclude Include="Scripts\Common\IncCommon.hpp">
      <Filter>ヘッダー ファイル\Common</Filter>
    </ClInclude>
    <ClInclude Include="Scripts\Common\Save.hpp">
      <Filter>ヘッダー ファイル\Common</Filter>
    </ClInclude>
  </ItemGroup>
</Project>